{
  "name": "mindstack-raspberry",
  "version": "0.1.0",
  "lockfileVersion": 1,
  "requires": true,
  "dependencies": {
    "human-to-milliseconds": {
      "version": "1.0.0",
      "resolved": "https://registry.npmjs.org/human-to-milliseconds/-/human-to-milliseconds-1.0.0.tgz",
      "integrity": "sha512-Rp1uvdGYHZ8v6GCl3N6QW48MlABqvLCzKbeNPPddbFdDEC7G1G+8oq0hmCiem4PSJIDwLvAxkPi3FF5BDoeKew==",
      "requires": {
        "promisify-es6": "^1.0.3"
      }
    },
    "pi-camera": {
      "version": "1.2.1",
      "resolved": "https://registry.npmjs.org/pi-camera/-/pi-camera-1.2.1.tgz",
      "integrity": "sha512-/jD5i+ApwLkQJsxJI/pFCdWrSy1mrhHYFLWaTCHFARGBexumZ+JViiie9PsIiOryrDVhwLcX/wDCcoSUUDbYHw=="
    },
    "pi-camera-connect": {
      "version": "0.2.0",
      "resolved": "https://registry.npmjs.org/pi-camera-connect/-/pi-camera-connect-0.2.0.tgz",
      "integrity": "sha512-ApPmTDNn/PAfAtkW3p+7NWONMesmoDa6aIZ4pAXYYjpaRbPWusPjREgLcyzEn7HJFGtq39I0JuZTC8OYa19bWQ=="
    },
    "promisify-es6": {
      "version": "1.0.3",
      "resolved": "https://registry.npmjs.org/promisify-es6/-/promisify-es6-1.0.3.tgz",
      "integrity": "sha512-N9iVG+CGJsI4b4ZGazjwLnxErD2d9Pe4DPvvXSxYA9tFNu8ymXME4Qs5HIQ0LMJpNM7zj+m0NlNnNeqFpKzqnA=="
    },
    "spacetime": {
      "version": "5.4.0",
      "resolved": "https://registry.npmjs.org/spacetime/-/spacetime-5.4.0.tgz",
      "integrity": "sha512-0E76fB3c+rWi7y5NOWtBvUU+1nYMo2bleU61uukgi2e0HwuF5vnuhQpM0W57/xd9jkg2iz26HW0QHjPmtjf4pw=="
    },
    "st-basename": {
      "version": "1.0.1",
      "resolved": "https://registry.npmjs.org/st-basename/-/st-basename-1.0.1.tgz",
      "integrity": "sha512-tnL/b4rGrr/nCKP56XUkkq1pnCFv7eMJw7KOu7YdoDsnveU2Ah5zHKG896AGUgszGHvR7PGfSXGIrkxq5A6z6A==",
      "requires": {
        "spacetime": "^5.4.0"
      }
    }
  }
}
